
Microsoft Visual Studio Solution File, Format Version 12.00
# Visual Studio Version 17
VisualStudioVersion = 17.1.32228.430
MinimumVisualStudioVersion = 10.0.40219.1
Project("{9A19103F-16F7-4668-BE54-9A1E7A4F7556}") = "TotallyWholesome", "TotallyWholesome\TotallyWholesome.csproj", "{4CF83602-1022-4ED0-95E2-30566CF1C5D3}"
EndProject
Project("{9A19103F-16F7-4668-BE54-9A1E7A4F7556}") = "WholesomeLoader-v2", "Loaderv2\WholesomeLoader-v2.csproj", "{B6F1F37D-8A64-4473-8484-6906F2DCBD13}"
EndProject
Project("{9A19103F-16F7-4668-BE54-9A1E7A4F7556}") = "TWNetCommon", "TWNetCommon\TWNetCommon.csproj", "{0BBFD358-E229-4125-9202-38AD9A16C98D}"
EndProject
Project("{9A19103F-16F7-4668-BE54-9A1E7A4F7556}") = "ManagedButtplugIo", "ManagedButtplugIo\ButtplugCSharp\ManagedButtplugIo.csproj", "{E7F488CA-45EA-4388-847D-0DA374BBE962}"
EndProject
Project("{FAE04EC0-301F-11D3-BF4B-00C04F79EFBC}") = "Yggdrasil", "Yggdrasil\Yggdrasil\Yggdrasil.csproj", "{4BB8DF19-7D20-429A-AF5F-5D1232538E08}"
EndProject
Project("{FAE04EC0-301F-11D3-BF4B-00C04F79EFBC}") = "MessagePack", "MessagePack-CSharp\src\MessagePack\MessagePack.csproj", "{2AA9F324-F7E6-404D-9F3A-123B00EFEA4D}"
EndProject
Project("{FAE04EC0-301F-11D3-BF4B-00C04F79EFBC}") = "MessagePack.Annotations", "MessagePack-CSharp\src\MessagePack.Annotations\MessagePack.Annotations.csproj", "{41EDA2BC-FC4E-4FCA-AF71-B1F6483746B7}"
EndProject
Project("{FAE04EC0-301F-11D3-BF4B-00C04F79EFBC}") = "TWUnitTest", "TWUnitTest\TWUnitTest.csproj", "{13519650-FFBA-4A62-80D2-9B5E70AD30DC}"
EndProject
Global
	GlobalSection(SolutionConfigurationPlatforms) = preSolution
		Admin|Any CPU = Admin|Any CPU
		Admin|x64 = Admin|x64
		Debug|Any CPU = Debug|Any CPU
		Debug|x64 = Debug|x64
		Release|Any CPU = Release|Any CPU
		Release|x64 = Release|x64
	EndGlobalSection
	GlobalSection(ProjectConfigurationPlatforms) = postSolution
		{4CF83602-1022-4ED0-95E2-30566CF1C5D3}.Admin|x64.ActiveCfg = Admin|Any CPU
		{4CF83602-1022-4ED0-95E2-30566CF1C5D3}.Admin|x64.Build.0 = Admin|Any CPU
		{4CF83602-1022-4ED0-95E2-30566CF1C5D3}.Debug|Any CPU.ActiveCfg = Debug|Any CPU
		{4CF83602-1022-4ED0-95E2-30566CF1C5D3}.Debug|Any CPU.Build.0 = Debug|Any CPU
		{4CF83602-1022-4ED0-95E2-30566CF1C5D3}.Debug|x64.ActiveCfg = Debug|Any CPU
		{4CF83602-1022-4ED0-95E2-30566CF1C5D3}.Debug|x64.Build.0 = Debug|Any CPU
		{4CF83602-1022-4ED0-95E2-30566CF1C5D3}.Release|Any CPU.ActiveCfg = Release|Any CPU
		{4CF83602-1022-4ED0-95E2-30566CF1C5D3}.Release|Any CPU.Build.0 = Release|Any CPU
		{4CF83602-1022-4ED0-95E2-30566CF1C5D3}.Release|x64.ActiveCfg = Release|Any CPU
		{4CF83602-1022-4ED0-95E2-30566CF1C5D3}.Release|x64.Build.0 = Release|Any CPU
		{4CF83602-1022-4ED0-95E2-30566CF1C5D3}.Admin|Any CPU.ActiveCfg = Admin|Any CPU
		{4CF83602-1022-4ED0-95E2-30566CF1C5D3}.Admin|Any CPU.Build.0 = Admin|Any CPU
		{B6F1F37D-8A64-4473-8484-6906F2DCBD13}.Admin|Any CPU.ActiveCfg = Release|Any CPU
		{B6F1F37D-8A64-4473-8484-6906F2DCBD13}.Admin|Any CPU.Build.0 = Release|Any CPU
		{B6F1F37D-8A64-4473-8484-6906F2DCBD13}.Admin|x64.ActiveCfg = Release|Any CPU
		{B6F1F37D-8A64-4473-8484-6906F2DCBD13}.Admin|x64.Build.0 = Release|Any CPU
		{B6F1F37D-8A64-4473-8484-6906F2DCBD13}.Debug|Any CPU.ActiveCfg = Debug|Any CPU
		{B6F1F37D-8A64-4473-8484-6906F2DCBD13}.Debug|Any CPU.Build.0 = Debug|Any CPU
		{B6F1F37D-8A64-4473-8484-6906F2DCBD13}.Debug|x64.ActiveCfg = Debug|Any CPU
		{B6F1F37D-8A64-4473-8484-6906F2DCBD13}.Debug|x64.Build.0 = Debug|Any CPU
		{B6F1F37D-8A64-4473-8484-6906F2DCBD13}.Release|Any CPU.ActiveCfg = Release|Any CPU
		{B6F1F37D-8A64-4473-8484-6906F2DCBD13}.Release|Any CPU.Build.0 = Release|Any CPU
		{B6F1F37D-8A64-4473-8484-6906F2DCBD13}.Release|x64.ActiveCfg = Release|Any CPU
		{B6F1F37D-8A64-4473-8484-6906F2DCBD13}.Release|x64.Build.0 = Release|Any CPU
		{0BBFD358-E229-4125-9202-38AD9A16C98D}.Admin|x64.ActiveCfg = Admin|Any CPU
		{0BBFD358-E229-4125-9202-38AD9A16C98D}.Admin|x64.Build.0 = Admin|Any CPU
		{0BBFD358-E229-4125-9202-38AD9A16C98D}.Debug|Any CPU.ActiveCfg = Debug|Any CPU
		{0BBFD358-E229-4125-9202-38AD9A16C98D}.Debug|Any CPU.Build.0 = Debug|Any CPU
		{0BBFD358-E229-4125-9202-38AD9A16C98D}.Debug|x64.ActiveCfg = Debug|Any CPU
		{0BBFD358-E229-4125-9202-38AD9A16C98D}.Debug|x64.Build.0 = Debug|Any CPU
		{0BBFD358-E229-4125-9202-38AD9A16C98D}.Release|Any CPU.ActiveCfg = Release|Any CPU
		{0BBFD358-E229-4125-9202-38AD9A16C98D}.Release|Any CPU.Build.0 = Release|Any CPU
		{0BBFD358-E229-4125-9202-38AD9A16C98D}.Release|x64.ActiveCfg = Release|Any CPU
		{0BBFD358-E229-4125-9202-38AD9A16C98D}.Release|x64.Build.0 = Release|Any CPU
		{0BBFD358-E229-4125-9202-38AD9A16C98D}.Admin|Any CPU.ActiveCfg = Admin|Any CPU
		{0BBFD358-E229-4125-9202-38AD9A16C98D}.Admin|Any CPU.Build.0 = Admin|Any CPU
		{E7F488CA-45EA-4388-847D-0DA374BBE962}.Admin|Any CPU.ActiveCfg = Release|Any CPU
		{E7F488CA-45EA-4388-847D-0DA374BBE962}.Admin|Any CPU.Build.0 = Release|Any CPU
		{E7F488CA-45EA-4388-847D-0DA374BBE962}.Admin|x64.ActiveCfg = Release|x64
		{E7F488CA-45EA-4388-847D-0DA374BBE962}.Debug|Any CPU.ActiveCfg = Debug|Any CPU
		{E7F488CA-45EA-4388-847D-0DA374BBE962}.Debug|Any CPU.Build.0 = Debug|Any CPU
		{E7F488CA-45EA-4388-847D-0DA374BBE962}.Debug|x64.ActiveCfg = Debug|x64
		{E7F488CA-45EA-4388-847D-0DA374BBE962}.Debug|x64.Build.0 = Debug|x64
		{E7F488CA-45EA-4388-847D-0DA374BBE962}.Release|Any CPU.ActiveCfg = Release|Any CPU
		{E7F488CA-45EA-4388-847D-0DA374BBE962}.Release|Any CPU.Build.0 = Release|Any CPU
		{E7F488CA-45EA-4388-847D-0DA374BBE962}.Release|x64.ActiveCfg = Release|x64
		{E7F488CA-45EA-4388-847D-0DA374BBE962}.Release|x64.Build.0 = Release|x64
		{E7F488CA-45EA-4388-847D-0DA374BBE962}.Admin|x64.Build.0 = Release|x64
		{4BB8DF19-7D20-429A-AF5F-5D1232538E08}.Admin|Any CPU.ActiveCfg = Release|Any CPU
		{4BB8DF19-7D20-429A-AF5F-5D1232538E08}.Admin|Any CPU.Build.0 = Release|Any CPU
		{4BB8DF19-7D20-429A-AF5F-5D1232538E08}.Admin|x64.ActiveCfg = Release|Any CPU
		{4BB8DF19-7D20-429A-AF5F-5D1232538E08}.Admin|x64.Build.0 = Release|Any CPU
		{4BB8DF19-7D20-429A-AF5F-5D1232538E08}.Debug|Any CPU.ActiveCfg = Debug|Any CPU
		{4BB8DF19-7D20-429A-AF5F-5D1232538E08}.Debug|Any CPU.Build.0 = Debug|Any CPU
		{4BB8DF19-7D20-429A-AF5F-5D1232538E08}.Debug|x64.ActiveCfg = Debug|Any CPU
		{4BB8DF19-7D20-429A-AF5F-5D1232538E08}.Debug|x64.Build.0 = Debug|Any CPU
		{4BB8DF19-7D20-429A-AF5F-5D1232538E08}.Release|Any CPU.ActiveCfg = Release|Any CPU
		{4BB8DF19-7D20-429A-AF5F-5D1232538E08}.Release|Any CPU.Build.0 = Release|Any CPU
		{4BB8DF19-7D20-429A-AF5F-5D1232538E08}.Release|x64.ActiveCfg = Release|Any CPU
		{4BB8DF19-7D20-429A-AF5F-5D1232538E08}.Release|x64.Build.0 = Release|Any CPU
		{2AA9F324-F7E6-404D-9F3A-123B00EFEA4D}.Admin|Any CPU.ActiveCfg = Debug|Any CPU
		{2AA9F324-F7E6-404D-9F3A-123B00EFEA4D}.Admin|Any CPU.Build.0 = Debug|Any CPU
		{2AA9F324-F7E6-404D-9F3A-123B00EFEA4D}.Admin|x64.ActiveCfg = Debug|Any CPU
		{2AA9F324-F7E6-404D-9F3A-123B00EFEA4D}.Admin|x64.Build.0 = Debug|Any CPU
		{2AA9F324-F7E6-404D-9F3A-123B00EFEA4D}.Debug|Any CPU.ActiveCfg = Debug|Any CPU
		{2AA9F324-F7E6-404D-9F3A-123B00EFEA4D}.Debug|Any CPU.Build.0 = Debug|Any CPU
		{2AA9F324-F7E6-404D-9F3A-123B00EFEA4D}.Debug|x64.ActiveCfg = Debug|Any CPU
		{2AA9F324-F7E6-404D-9F3A-123B00EFEA4D}.Debug|x64.Build.0 = Debug|Any CPU
		{2AA9F324-F7E6-404D-9F3A-123B00EFEA4D}.Release|Any CPU.ActiveCfg = Release|Any CPU
		{2AA9F324-F7E6-404D-9F3A-123B00EFEA4D}.Release|Any CPU.Build.0 = Release|Any CPU
		{2AA9F324-F7E6-404D-9F3A-123B00EFEA4D}.Release|x64.ActiveCfg = Release|Any CPU
		{2AA9F324-F7E6-404D-9F3A-123B00EFEA4D}.Release|x64.Build.0 = Release|Any CPU
		{41EDA2BC-FC4E-4FCA-AF71-B1F6483746B7}.Admin|Any CPU.ActiveCfg = Debug|Any CPU
		{41EDA2BC-FC4E-4FCA-AF71-B1F6483746B7}.Admin|Any CPU.Build.0 = Debug|Any CPU
		{41EDA2BC-FC4E-4FCA-AF71-B1F6483746B7}.Admin|x64.ActiveCfg = Debug|Any CPU
		{41EDA2BC-FC4E-4FCA-AF71-B1F6483746B7}.Admin|x64.Build.0 = Debug|Any CPU
		{41EDA2BC-FC4E-4FCA-AF71-B1F6483746B7}.Debug|Any CPU.ActiveCfg = Debug|Any CPU
		{41EDA2BC-FC4E-4FCA-AF71-B1F6483746B7}.Debug|Any CPU.Build.0 = Debug|Any CPU
		{41EDA2BC-FC4E-4FCA-AF71-B1F6483746B7}.Debug|x64.ActiveCfg = Debug|Any CPU
		{41EDA2BC-FC4E-4FCA-AF71-B1F6483746B7}.Debug|x64.Build.0 = Debug|Any CPU
		{41EDA2BC-FC4E-4FCA-AF71-B1F6483746B7}.Release|Any CPU.ActiveCfg = Release|Any CPU
		{41EDA2BC-FC4E-4FCA-AF71-B1F6483746B7}.Release|Any CPU.Build.0 = Release|Any CPU
		{41EDA2BC-FC4E-4FCA-AF71-B1F6483746B7}.Release|x64.ActiveCfg = Release|Any CPU
		{41EDA2BC-FC4E-4FCA-AF71-B1F6483746B7}.Release|x64.Build.0 = Release|Any CPU
		{13519650-FFBA-4A62-80D2-9B5E70AD30DC}.Admin|Any CPU.ActiveCfg = Debug|Any CPU
		{13519650-FFBA-4A62-80D2-9B5E70AD30DC}.Admin|Any CPU.Build.0 = Debug|Any CPU
		{13519650-FFBA-4A62-80D2-9B5E70AD30DC}.Admin|x64.ActiveCfg = Debug|Any CPU
		{13519650-FFBA-4A62-80D2-9B5E70AD30DC}.Admin|x64.Build.0 = Debug|Any CPU
		{13519650-FFBA-4A62-80D2-9B5E70AD30DC}.Debug|Any CPU.ActiveCfg = Debug|Any CPU
		{13519650-FFBA-4A62-80D2-9B5E70AD30DC}.Debug|Any CPU.Build.0 = Debug|Any CPU
		{13519650-FFBA-4A62-80D2-9B5E70AD30DC}.Debug|x64.ActiveCfg = Debug|Any CPU
		{13519650-FFBA-4A62-80D2-9B5E70AD30DC}.Debug|x64.Build.0 = Debug|Any CPU
		{13519650-FFBA-4A62-80D2-9B5E70AD30DC}.Release|Any CPU.ActiveCfg = Release|Any CPU
		{13519650-FFBA-4A62-80D2-9B5E70AD30DC}.Release|Any CPU.Build.0 = Release|Any CPU
		{13519650-FFBA-4A62-80D2-9B5E70AD30DC}.Release|x64.ActiveCfg = Release|Any CPU
		{13519650-FFBA-4A62-80D2-9B5E70AD30DC}.Release|x64.Build.0 = Release|Any CPU
	EndGlobalSection
	GlobalSection(SolutionProperties) = preSolution
		HideSolutionNode = FALSE
	EndGlobalSection
	GlobalSection(ExtensibilityGlobals) = postSolution
		SolutionGuid = {A7B9B795-84C5-498F-AD80-D31E932404AA}
	EndGlobalSection
EndGlobal
